
Microsoft Visual Studio Solution File, Format Version 12.00
# Visual Studio 2012
Project("{FAE04EC0-301F-11D3-BF4B-00C04F79EFBC}") = "Cemp", "Cemp\Cemp.csproj", "{6248B9D0-F964-4086-ACB5-5DC76B9FCEA0}"
EndProject
Project("{6141683F-8A12-4E36-9623-2EB02B2C2303}") = "Setup1", "Setup1\Setup1.isproj", "{64D90282-5679-494D-8BF7-7FAA00F3B7DA}"
EndProject
Global
	GlobalSection(SolutionConfigurationPlatforms) = preSolution
		CD_ROM|Any CPU = CD_ROM|Any CPU
		Debug|Any CPU = Debug|Any CPU
		DVD-5|Any CPU = DVD-5|Any CPU
		Release|Any CPU = Release|Any CPU
		SingleImage|Any CPU = SingleImage|Any CPU
	EndGlobalSection
	GlobalSection(ProjectConfigurationPlatforms) = postSolution
		{6248B9D0-F964-4086-ACB5-5DC76B9FCEA0}.CD_ROM|Any CPU.ActiveCfg = Release|Any CPU
		{6248B9D0-F964-4086-ACB5-5DC76B9FCEA0}.CD_ROM|Any CPU.Build.0 = Release|Any CPU
		{6248B9D0-F964-4086-ACB5-5DC76B9FCEA0}.Debug|Any CPU.ActiveCfg = Debug|Any CPU
		{6248B9D0-F964-4086-ACB5-5DC76B9FCEA0}.Debug|Any CPU.Build.0 = Debug|Any CPU
		{6248B9D0-F964-4086-ACB5-5DC76B9FCEA0}.DVD-5|Any CPU.ActiveCfg = Debug|Any CPU
		{6248B9D0-F964-4086-ACB5-5DC76B9FCEA0}.DVD-5|Any CPU.Build.0 = Debug|Any CPU
		{6248B9D0-F964-4086-ACB5-5DC76B9FCEA0}.Release|Any CPU.ActiveCfg = Release|Any CPU
		{6248B9D0-F964-4086-ACB5-5DC76B9FCEA0}.Release|Any CPU.Build.0 = Release|Any CPU
		{6248B9D0-F964-4086-ACB5-5DC76B9FCEA0}.SingleImage|Any CPU.ActiveCfg = Release|Any CPU
		{6248B9D0-F964-4086-ACB5-5DC76B9FCEA0}.SingleImage|Any CPU.Build.0 = Release|Any CPU
		{64D90282-5679-494D-8BF7-7FAA00F3B7DA}.CD_ROM|Any CPU.ActiveCfg = CD_ROM
		{64D90282-5679-494D-8BF7-7FAA00F3B7DA}.CD_ROM|Any CPU.Build.0 = CD_ROM
		{64D90282-5679-494D-8BF7-7FAA00F3B7DA}.Debug|Any CPU.ActiveCfg = DVD-5
		{64D90282-5679-494D-8BF7-7FAA00F3B7DA}.Debug|Any CPU.Build.0 = DVD-5
		{64D90282-5679-494D-8BF7-7FAA00F3B7DA}.DVD-5|Any CPU.ActiveCfg = DVD-5
		{64D90282-5679-494D-8BF7-7FAA00F3B7DA}.DVD-5|Any CPU.Build.0 = DVD-5
		{64D90282-5679-494D-8BF7-7FAA00F3B7DA}.Release|Any CPU.ActiveCfg = SingleImage
		{64D90282-5679-494D-8BF7-7FAA00F3B7DA}.Release|Any CPU.Build.0 = SingleImage
		{64D90282-5679-494D-8BF7-7FAA00F3B7DA}.SingleImage|Any CPU.ActiveCfg = SingleImage
		{64D90282-5679-494D-8BF7-7FAA00F3B7DA}.SingleImage|Any CPU.Build.0 = SingleImage
	EndGlobalSection
	GlobalSection(SolutionProperties) = preSolution
		HideSolutionNode = FALSE
	EndGlobalSection
EndGlobal
